
Microsoft Visual Studio Solution File, Format Version 12.00
# Visual Studio Version 17
VisualStudioVersion = 17.4.33213.308
MinimumVisualStudioVersion = 10.0.40219.1
Project("{FAE04EC0-301F-11D3-BF4B-00C04F79EFBC}") = "csharp-exceptionhandling", "csharp-exceptionhandling\csharp-exceptionhandling.csproj", "{389350CA-7B66-428E-BBBF-AFEC037D5EF5}"
EndProject
Global
	GlobalSection(SolutionConfigurationPlatforms) = preSolution
		Debug|Any CPU = Debug|Any CPU
		Release|Any CPU = Release|Any CPU
	EndGlobalSection
	GlobalSection(ProjectConfigurationPlatforms) = postSolution
		{389350CA-7B66-428E-BBBF-AFEC037D5EF5}.Debug|Any CPU.ActiveCfg = Debug|Any CPU
		{389350CA-7B66-428E-BBBF-AFEC037D5EF5}.Debug|Any CPU.Build.0 = Debug|Any CPU
		{389350CA-7B66-428E-BBBF-AFEC037D5EF5}.Release|Any CPU.ActiveCfg = Release|Any CPU
		{389350CA-7B66-428E-BBBF-AFEC037D5EF5}.Release|Any CPU.Build.0 = Release|Any CPU
	EndGlobalSection
	GlobalSection(SolutionProperties) = preSolution
		HideSolutionNode = FALSE
	EndGlobalSection
	GlobalSection(ExtensibilityGlobals) = postSolution
		SolutionGuid = {D57D3219-EBD6-4412-A6F2-4A4DC71B44C3}
	EndGlobalSection
EndGlobal
